
Microsoft Visual Studio Solution File, Format Version 12.00
# Visual Studio Version 17
VisualStudioVersion = 17.8.34408.163
MinimumVisualStudioVersion = 10.0.40219.1
Project("{FAE04EC0-301F-11D3-BF4B-00C04F79EFBC}") = "Day4 Task", "Day4 Task\Day4 Task.csproj", "{FFD5A25C-5B9A-4E79-8E08-55CB90D66DED}"
EndProject
Global
	GlobalSection(SolutionConfigurationPlatforms) = preSolution
		Debug|Any CPU = Debug|Any CPU
		Release|Any CPU = Release|Any CPU
	EndGlobalSection
	GlobalSection(ProjectConfigurationPlatforms) = postSolution
		{FFD5A25C-5B9A-4E79-8E08-55CB90D66DED}.Debug|Any CPU.ActiveCfg = Debug|Any CPU
		{FFD5A25C-5B9A-4E79-8E08-55CB90D66DED}.Debug|Any CPU.Build.0 = Debug|Any CPU
		{FFD5A25C-5B9A-4E79-8E08-55CB90D66DED}.Release|Any CPU.ActiveCfg = Release|Any CPU
		{FFD5A25C-5B9A-4E79-8E08-55CB90D66DED}.Release|Any CPU.Build.0 = Release|Any CPU
	EndGlobalSection
	GlobalSection(SolutionProperties) = preSolution
		HideSolutionNode = FALSE
	EndGlobalSection
	GlobalSection(ExtensibilityGlobals) = postSolution
		SolutionGuid = {77304182-D619-401A-AB56-2411C3FB514E}
	EndGlobalSection
EndGlobal
